version = 1
revision = 3
requires-python = ">=3.14"

[[package]]
name = "attrs"
version = "24.2.0"
source = { registry = "https://pypi.org/simple" }
sdist = { url = "https://files.pythonhosted.org/packages/fc/0f/aafca9af9315aee06a89ffde799a10a582fe8de76c563ee80bbcdc08b3fb/attrs-24.2.0.tar.gz", hash = "sha256:5cfb1b9148b5b086569baec03f20d7b6bf3bcacc9a42bebf87ffaaca362f6346", size = 792678, upload-time = "2024-08-06T14:37:38.364Z" }
wheels = [
    { url = "https://files.pythonhosted.org/packages/6a/21/5b6702a7f963e95456c0de2d495f67bf5fd62840ac655dc451586d23d39a/attrs-24.2.0-py3-none-any.whl", hash = "sha256:81921eb96de3191c8258c199618104dd27ac608d9366f5e35d011eae1867ede2", size = 63001, upload-time = "2024-08-06T14:37:36.958Z" },
]

[[package]]
name = "aws-cdk-asset-awscli-v1"
version = "2.2.205"
source = { registry = "https://pypi.org/simple" }
dependencies = [
    { name = "jsii" },
    { name = "publication" },
    { name = "typeguard" },
]
sdist = { url = "https://files.pythonhosted.org/packages/4e/8c/ce79bd12f9287e3b7e0e20a25bf0b9749eb8ec584d1d698ca5de4f9d59c8/aws_cdk_asset_awscli_v1-2.2.205.tar.gz", hash = "sha256:037d0684472a34050c2e4438c76048b9049c2753523463e12dec9fd725a26363", size = 17030488, upload-time = "2024-09-30T15:19:21.373Z" }
wheels = [
    { url = "https://files.pythonhosted.org/packages/f2/8c/777db5784b8d2fe5e3892787f3ff7a764bc6c90df2ca04c6fff9ad5bdc54/aws_cdk.asset_awscli_v1-2.2.205-py3-none-any.whl", hash = "sha256:086d74baa99596446f279a1263e1451a79f52fc0eea122b1f38f57f5a08699f0", size = 17028871, upload-time = "2024-09-30T15:19:18.835Z" },
]

[[package]]
name = "aws-cdk-asset-kubectl-v20"
version = "2.1.2"
source = { registry = "https://pypi.org/simple" }
dependencies = [
    { name = "jsii" },
    { name = "publication" },
    { name = "typeguard" },
]
sdist = { url = "https://files.pythonhosted.org/packages/b2/cc/516ffb435725ca6295565b81cd3dc8b43df05d240ef5b4a50f6a3da46d4f/aws-cdk.asset-kubectl-v20-2.1.2.tar.gz", hash = "sha256:346283e43018a43e3b3ca571de3f44e85d49c038dc20851894cb8f9b2052b164", size = 25435423, upload-time = "2023-06-15T13:08:40.647Z" }
wheels = [
    { url = "https://files.pythonhosted.org/packages/d9/97/b4eaa76c87a745ecf61b7ab49a712653e6f5c71f8bd476e1a0d5215b55d3/aws_cdk.asset_kubectl_v20-2.1.2-py3-none-any.whl", hash = "sha256:7f0617ab6cb942b066bd7174bf3e1f377e57878c3e1cddc21d6b2d13c92d0cc1", size = 25433922, upload-time = "2023-06-15T13:08:33.646Z" },
]

[[package]]
name = "aws-cdk-asset-node-proxy-agent-v6"
version = "2.1.0"
source = { registry = "https://pypi.org/simple" }
dependencies = [
    { name = "jsii" },
    { name = "publication" },
    { name = "typeguard" },
]
sdist = { url = "https://files.pythonhosted.org/packages/d5/ab/09ac3ecc0067988d02398328e088d66cbe8555c991563c8ddfa1db5296ae/aws_cdk_asset_node_proxy_agent_v6-2.1.0.tar.gz", hash = "sha256:1f292c0631f86708ba4ee328b3a2b229f7e46ea1c79fbde567ee9eb119c2b0e2", size = 1540231, upload-time = "2024-09-03T09:36:51.634Z" }
wheels = [
    { url = "https://files.pythonhosted.org/packages/8d/86/1817a6da223aa80aeb94a504f07f930170284694b18f6053729e9930cc6a/aws_cdk.asset_node_proxy_agent_v6-2.1.0-py3-none-any.whl", hash = "sha256:24a388b69a44d03bae6dbf864c4e25ba650d4b61c008b4568b94ffbb9a69e40e", size = 1538724, upload-time = "2024-09-03T09:36:49.8Z" },
]

[[package]]
name = "aws-cdk-aws-apigatewayv2-alpha"
version = "2.114.1a0"
source = { registry = "https://pypi.org/simple" }
dependencies = [
    { name = "aws-cdk-lib" },
    { name = "constructs" },
    { name = "jsii" },
    { name = "publication" },
    { name = "typeguard" },
]
sdist = { url = "https://files.pythonhosted.org/packages/26/4e/2a52658422a3be5414611e2e1a0f217afd5681b0dff766164827ecea25f3/aws-cdk.aws-apigatewayv2-alpha-2.114.1a0.tar.gz", hash = "sha256:9e8c3131f4fa3e0926eb3d76aeacd578a6aa51f95b39c10a86112c991bb75864", size = 258201, upload-time = "2023-12-06T13:58:53.486Z" }
wheels = [
    { url = "https://files.pythonhosted.org/packages/10/1e/eb4fea603af3e3a7a99a497edb161fb9d10d2f9e50a5d7d44fc94f600d0e/aws_cdk.aws_apigatewayv2_alpha-2.114.1a0-py3-none-any.whl", hash = "sha256:a101ce56d846976ad1c8020054dfe73fd9f45afdbe71f2a297acc84c1a201403", size = 252745, upload-time = "2023-12-06T13:57:01.869Z" },
]

[[package]]
name = "aws-cdk-aws-glue-alpha"
version = "2.146.0a0"
source = { registry = "https://pypi.org/simple" }
dependencies = [
    { name = "aws-cdk-lib" },
    { name = "constructs" },
    { name = "jsii" },
    { name = "publication" },
    { name = "typeguard" },
]
sdist = { url = "https://files.pythonhosted.org/packages/38/aa/b732deb6640dfa9a976831228a3dd27c13fb37bb388ea885a854b8e868d3/aws-cdk.aws-glue-alpha-2.146.0a0.tar.gz", hash = "sha256:28b9ecc579f0872887ccb3edf9436c7d222d4230e018e3287564d4802e029afb", size = 299482, upload-time = "2024-06-13T22:38:11.439Z" }
wheels = [
    { url = "https://files.pythonhosted.org/packages/78/7e/5ab993a4c5db716d5bd7ce6654d64e98ceec9283a7fa4f0c722dbe117984/aws_cdk.aws_glue_alpha-2.146.0a0-py3-none-any.whl", hash = "sha256:c2b4d69767983b98941fa9e8213faefcd34d46d5d8b9cc7e21f8457099569e40", size = 293414, upload-time = "2024-06-13T22:36:32.951Z" },
]

[[package]]
name = "aws-cdk-aws-lambda-python-alpha"
version = "2.146.0a0"
source = { registry = "https://pypi.org/simple" }
dependencies = [
    { name = "aws-cdk-lib" },
    { name = "constructs" },
    { name = "jsii" },
    { name = "publication" },
    { name = "typeguard" },
]
sdist = { url = "https://files.pythonhosted.org/packages/ae/37/d6965bb4bced82e88bb34449e20c27128923756ed4f112aae0b2e42783d8/aws-cdk.aws-lambda-python-alpha-2.146.0a0.tar.gz", hash = "sha256:a96c6fe50e6f29083952b061baa8bc42b3e3eda0457bcbd83f4c30105fc14894", size = 82600, upload-time = "2024-06-13T22:38:28.275Z" }
wheels = [
    { url = "https://files.pythonhosted.org/packages/e7/fa/264f23a4f4c3ade30526f0d3786dd8eb3703f1f0719aa1e51a8962286a22/aws_cdk.aws_lambda_python_alpha-2.146.0a0-py3-none-any.whl", hash = "sha256:867318cbd698e3113a88420ceccae047249effac983ef2dfd249faba7d9a67af", size = 82478, upload-time = "2024-06-13T22:36:57.955Z" },
]

[[package]]
name = "aws-cdk-lib"
version = "2.146.0"
source = { registry = "https://pypi.org/simple" }
dependencies = [
    { name = "aws-cdk-asset-awscli-v1" },
    { name = "aws-cdk-asset-kubectl-v20" },
    { name = "aws-cdk-asset-node-proxy-agent-v6" },
    { name = "constructs" },
    { name = "jsii" },
    { name = "publication" },
    { name = "typeguard" },
]
sdist = { url = "https://files.pythonhosted.org/packages/3e/91/13cbe216bfc54a258d9dd947dbb67b9156df25938a94fc58259a71565547/aws-cdk-lib-2.146.0.tar.gz", hash = "sha256:4a4becc173d8b4fad35ba86c5d0b2f52e2c4ebe9e3dc08c9dd276fed3602f689", size = 35459008, upload-time = "2024-06-13T22:37:51.79Z" }
wheels = [
    { url = "https://files.pythonhosted.org/packages/39/38/ec8024cb2fbe4b25672f356d33000bb773137fef66f9325f3075ac6cd840/aws_cdk_lib-2.146.0-py3-none-any.whl", hash = "sha256:63e1c3084a49a001f1e6e5399af9b4ac6b1c3566b28a6b2e3f25e0d4c00df0af", size = 35714191, upload-time = "2024-06-13T22:37:47.02Z" },
]

[[package]]
name = "boto3"
version = "1.34.120"
source = { registry = "https://pypi.org/simple" }
dependencies = [
    { name = "botocore" },
    { name = "jmespath" },
    { name = "s3transfer" },
]
sdist = { url = "https://files.pythonhosted.org/packages/f9/23/ff7c23f027f301baf6dcecce5d50bae6ebc5210e1fadee561177fdc37758/boto3-1.34.120.tar.gz", hash = "sha256:38893db8269d25b72cc6fbab97633bfc863eefde5456847169d06149a16aa6e0", size = 108289, upload-time = "2024-06-05T19:20:41.916Z" }
wheels = [
    { url = "https://files.pythonhosted.org/packages/90/82/450b69836a8f7a42b5382e1764bc21affafec4da9b64aa0a4fc36c1e3e8a/boto3-1.34.120-py3-none-any.whl", hash = "sha256:3c42bc309246a761413f6e152f307f009e80e7c9fd03dd9e6c0dc8ab8b3a8fc1", size = 139334, upload-time = "2024-06-05T19:19:45.651Z" },
]

[[package]]
name = "botocore"
version = "1.34.120"
source = { registry = "https://pypi.org/simple" }
dependencies = [
    { name = "jmespath" },
    { name = "python-dateutil" },
    { name = "urllib3" },
]
sdist = { url = "https://files.pythonhosted.org/packages/4c/23/a0bf68a3098af517cfe2b615af100c2a83d7355cd0f7811f14a93e626e8e/botocore-1.34.120.tar.gz", hash = "sha256:5cc0fca43cb2aad54917a394a001ac9ba774d21ad6a08828002d54b601776f78", size = 12516600, upload-time = "2024-06-05T19:20:53.509Z" }
wheels = [
    { url = "https://files.pythonhosted.org/packages/35/2a/09c4ebbd6a10e8aeb15967c34798cc315b07c7062906ed628adf2234bc7e/botocore-1.34.120-py3-none-any.whl", hash = "sha256:92bd739938078c7a0b110689a3eee21ecb3954d90653da013d9f98ef1165d6f7", size = 12303365, upload-time = "2024-06-05T19:20:00.563Z" },
]

[[package]]
name = "cachetools"
version = "5.3.3"
source = { registry = "https://pypi.org/simple" }
sdist = { url = "https://files.pythonhosted.org/packages/b3/4d/27a3e6dd09011649ad5210bdf963765bc8fa81a0827a4fc01bafd2705c5b/cachetools-5.3.3.tar.gz", hash = "sha256:ba29e2dfa0b8b556606f097407ed1aa62080ee108ab0dc5ec9d6a723a007d105", size = 26522, upload-time = "2024-02-26T20:33:23.386Z" }
wheels = [
    { url = "https://files.pythonhosted.org/packages/fb/2b/a64c2d25a37aeb921fddb929111413049fc5f8b9a4c1aefaffaafe768d54/cachetools-5.3.3-py3-none-any.whl", hash = "sha256:0abad1021d3f8325b2fc1d2e9c8b9c9d57b04c3932657a72465447332c24d945", size = 9325, upload-time = "2024-02-26T20:33:20.308Z" },
]

[[package]]
name = "cattrs"
version = "23.2.3"
source = { registry = "https://pypi.org/simple" }
dependencies = [
    { name = "attrs" },
]
sdist = { url = "https://files.pythonhosted.org/packages/1e/57/c6ccd22658c4bcb3beb3f1c262e1f170cf136e913b122763d0ddd328d284/cattrs-23.2.3.tar.gz", hash = "sha256:a934090d95abaa9e911dac357e3a8699e0b4b14f8529bcc7d2b1ad9d51672b9f", size = 610215, upload-time = "2023-11-30T22:19:21.117Z" }
wheels = [
    { url = "https://files.pythonhosted.org/packages/b3/0d/cd4a4071c7f38385dc5ba91286723b4d1090b87815db48216212c6c6c30e/cattrs-23.2.3-py3-none-any.whl", hash = "sha256:0341994d94971052e9ee70662542699a3162ea1e0c62f7ce1b4a57f563685108", size = 57474, upload-time = "2023-11-30T22:19:19.163Z" },
]

[[package]]
name = "cdk-nag"
version = "2.28.195"
source = { registry = "https://pypi.org/simple" }
dependencies = [
    { name = "aws-cdk-lib" },
    { name = "constructs" },
    { name = "jsii" },
    { name = "publication" },
    { name = "typeguard" },
]
sdist = { url = "https://files.pythonhosted.org/packages/ef/11/16d370301d1f828e587dd6cd6ed44625fe3739c4111a6d2d7ee8e2cdb677/cdk_nag-2.28.195.tar.gz", hash = "sha256:c96ead451197dde434451c5bfef2c63edd0c7e766dd4a39268d9a8b8632da612", size = 724884, upload-time = "2024-09-02T00:14:47.283Z" }
wheels = [
    { url = "https://files.pythonhosted.org/packages/8d/43/053d7d94a75b5ba717eacbefbd1f5c635f546e186c6ca663fd824a194a04/cdk_nag-2.28.195-py3-none-any.whl", hash = "sha256:6a33dbad938b66946f2d89a8a010a6e2b9cb42c8703aa3b4991b6ad572596b8a", size = 720210, upload-time = "2024-09-02T00:14:44.783Z" },
]

[[package]]
name = "certifi"
version = "2024.6.2"
source = { registry = "https://pypi.org/simple" }
sdist = { url = "https://files.pythonhosted.org/packages/07/b3/e02f4f397c81077ffc52a538e0aec464016f1860c472ed33bd2a1d220cc5/certifi-2024.6.2.tar.gz", hash = "sha256:3cd43f1c6fa7dedc5899d69d3ad0398fd018ad1a17fba83ddaf78aa46c747516", size = 165550, upload-time = "2024-06-02T01:45:25.48Z" }
wheels = [
    { url = "https://files.pythonhosted.org/packages/5b/11/1e78951465b4a225519b8c3ad29769c49e0d8d157a070f681d5b6d64737f/certifi-2024.6.2-py3-none-any.whl", hash = "sha256:ddc6c8ce995e6987e7faf5e3f1b02b302836a0e5d98ece18392cb1a36c72ad56", size = 164433, upload-time = "2024-06-02T01:45:23.134Z" },
]

[[package]]
name = "charset-normalizer"
version = "3.3.2"
source = { registry = "https://pypi.org/simple" }
sdist = { url = "https://files.pythonhosted.org/packages/63/09/c1bc53dab74b1816a00d8d030de5bf98f724c52c1635e07681d312f20be8/charset-normalizer-3.3.2.tar.gz", hash = "sha256:f30c3cb33b24454a82faecaf01b19c18562b1e89558fb6c56de4d9118a032fd5", size = 104809, upload-time = "2023-11-01T04:04:59.997Z" }
wheels = [
    { url = "https://files.pythonhosted.org/packages/28/76/e6222113b83e3622caa4bb41032d0b1bf785250607392e1b778aca0b8a7d/charset_normalizer-3.3.2-py3-none-any.whl", hash = "sha256:3e4d1f6587322d2788836a99c69062fbb091331ec940e02d12d179c1d53e25fc", size = 48543, upload-time = "2023-11-01T04:04:58.622Z" },
]

[[package]]
name = "constructs"
version = "10.3.0"
source = { registry = "https://pypi.org/simple" }
dependencies = [
    { name = "jsii" },
    { name = "publication" },
    { name = "typeguard" },
]
sdist = { url = "https://files.pythonhosted.org/packages/49/24/62b6b537a7fa0348086b5942bd054cd919153ec392dc5594f4b2c5f19218/constructs-10.3.0.tar.gz", hash = "sha256:518551135ec236f9cc6b86500f4fbbe83b803ccdc6c2cb7684e0b7c4d234e7b1", size = 59978, upload-time = "2023-10-07T12:44:42.876Z" }
wheels = [
    { url = "https://files.pythonhosted.org/packages/8f/82/5b1407b9747a8c0133d56433dd9b67ec622558b4b47dad6b1751c9d5aeeb/constructs-10.3.0-py3-none-any.whl", hash = "sha256:2972f514837565ff5b09171cfba50c0159dfa75ee86a42921ea8c86f2941b3d2", size = 58188, upload-time = "2023-10-07T12:44:39.598Z" },
]

[[package]]
name = "google-auth"
version = "2.29.0"
source = { registry = "https://pypi.org/simple" }
dependencies = [
    { name = "cachetools" },
    { name = "pyasn1-modules" },
    { name = "rsa" },
]
sdist = { url = "https://files.pythonhosted.org/packages/18/b2/f14129111cfd61793609643a07ecb03651a71dd65c6974f63b0310ff4b45/google-auth-2.29.0.tar.gz", hash = "sha256:672dff332d073227550ffc7457868ac4218d6c500b155fe6cc17d2b13602c360", size = 244326, upload-time = "2024-03-20T17:24:27.72Z" }
wheels = [
    { url = "https://files.pythonhosted.org/packages/9e/8d/ddbcf81ec751d8ee5fd18ac11ff38a0e110f39dfbf105e6d9db69d556dd0/google_auth-2.29.0-py2.py3-none-any.whl", hash = "sha256:d452ad095688cd52bae0ad6fafe027f6a6d6f560e810fec20914e17a09526415", size = 189186, upload-time = "2024-03-20T17:24:24.292Z" },
]

[[package]]
name = "idna"
version = "3.7"
source = { registry = "https://pypi.org/simple" }
sdist = { url = "https://files.pythonhosted.org/packages/21/ed/f86a79a07470cb07819390452f178b3bef1d375f2ec021ecfc709fc7cf07/idna-3.7.tar.gz", hash = "sha256:028ff3aadf0609c1fd278d8ea3089299412a7a8b9bd005dd08b9f8285bcb5cfc", size = 189575, upload-time = "2024-04-11T03:34:43.276Z" }
wheels = [
    { url = "https://files.pythonhosted.org/packages/e5/3e/741d8c82801c347547f8a2a06aa57dbb1992be9e948df2ea0eda2c8b79e8/idna-3.7-py3-none-any.whl", hash = "sha256:82fee1fc78add43492d3a1898bfa6d8a904cc97d8427f683ed8e798d07761aa0", size = 66836, upload-time = "2024-04-11T03:34:41.447Z" },
]

[[package]]
name = "importlib-resources"
version = "6.4.5"
source = { registry = "https://pypi.org/simple" }
sdist = { url = "https://files.pythonhosted.org/packages/98/be/f3e8c6081b684f176b761e6a2fef02a0be939740ed6f54109a2951d806f3/importlib_resources-6.4.5.tar.gz", hash = "sha256:980862a1d16c9e147a59603677fa2aa5fd82b87f223b6cb870695bcfce830065", size = 43372, upload-time = "2024-09-09T17:03:14.677Z" }
wheels = [
    { url = "https://files.pythonhosted.org/packages/e1/6a/4604f9ae2fa62ef47b9de2fa5ad599589d28c9fd1d335f32759813dfa91e/importlib_resources-6.4.5-py3-none-any.whl", hash = "sha256:ac29d5f956f01d5e4bb63102a5a19957f1b9175e45649977264a1416783bb717", size = 36115, upload-time = "2024-09-09T17:03:13.39Z" },
]

[[package]]
name = "inter-az-traffic"
version = "0.1.0"
source = { virtual = "." }
dependencies = [
    { name = "attrs" },
    { name = "aws-cdk-asset-awscli-v1" },
    { name = "aws-cdk-asset-kubectl-v20" },
    { name = "aws-cdk-asset-node-proxy-agent-v6" },
    { name = "aws-cdk-aws-apigatewayv2-alpha" },
    { name = "aws-cdk-aws-glue-alpha" },
    { name = "aws-cdk-aws-lambda-python-alpha" },
    { name = "aws-cdk-lib" },
    { name = "boto3" },
    { name = "botocore" },
    { name = "cachetools" },
    { name = "cattrs" },
    { name = "cdk-nag" },
    { name = "certifi" },
    { name = "charset-normalizer" },
    { name = "constructs" },
    { name = "google-auth" },
    { name = "idna" },
    { name = "importlib-resources" },
    { name = "jmespath" },
    { name = "jsii" },
    { name = "kubernetes" },
    { name = "oauthlib" },
    { name = "publication" },
    { name = "pyasn1" },
    { name = "pyasn1-modules" },
    { name = "python-dateutil" },
    { name = "pyyaml" },
    { name = "requests" },
    { name = "requests-oauthlib" },
    { name = "rsa" },
    { name = "s3transfer" },
    { name = "six" },
    { name = "typeguard" },
    { name = "typing-extensions" },
    { name = "urllib3" },
    { name = "websocket-client" },
]

[package.metadata]
requires-dist = [
    { name = "attrs", specifier = "==24.2.0" },
    { name = "aws-cdk-asset-awscli-v1", specifier = "==2.2.205" },
    { name = "aws-cdk-asset-kubectl-v20", specifier = "==2.1.2" },
    { name = "aws-cdk-asset-node-proxy-agent-v6", specifier = "==2.1.0" },
    { name = "aws-cdk-aws-apigatewayv2-alpha", specifier = ">=2.114.1a0" },
    { name = "aws-cdk-aws-glue-alpha", specifier = "==2.146.0a0" },
    { name = "aws-cdk-aws-lambda-python-alpha", specifier = "==2.146.0a0" },
    { name = "aws-cdk-lib", specifier = "==2.146.0" },
    { name = "boto3", specifier = "==1.34.120" },
    { name = "botocore", specifier = "==1.34.120" },
    { name = "cachetools", specifier = "==5.3.3" },
    { name = "cattrs", specifier = "==23.2.3" },
    { name = "cdk-nag", specifier = "==2.28.195" },
    { name = "certifi", specifier = "==2024.6.2" },
    { name = "charset-normalizer", specifier = "==3.3.2" },
    { name = "constructs", specifier = "==10.3.0" },
    { name = "google-auth", specifier = "==2.29.0" },
    { name = "idna", specifier = "==3.7" },
    { name = "importlib-resources", specifier = "==6.4.5" },
    { name = "jmespath", specifier = "==1.0.1" },
    { name = "jsii", specifier = "==1.103.1" },
    { name = "kubernetes", specifier = "==29.0.0" },
    { name = "oauthlib", specifier = "==3.2.2" },
    { name = "publication", specifier = "==0.0.3" },
    { name = "pyasn1", specifier = "==0.6.0" },
    { name = "pyasn1-modules", specifier = "==0.4.0" },
    { name = "python-dateutil", specifier = "==2.9.0.post0" },
    { name = "pyyaml", specifier = "==6.0.1" },
    { name = "requests", specifier = "==2.32.3" },
    { name = "requests-oauthlib", specifier = "==2.0.0" },
    { name = "rsa", specifier = "==4.9" },
    { name = "s3transfer", specifier = "==0.10.1" },
    { name = "six", specifier = "==1.16.0" },
    { name = "typeguard", specifier = "==2.13.3" },
    { name = "typing-extensions", specifier = "==4.12.2" },
    { name = "urllib3", specifier = "==2.2.1" },
    { name = "websocket-client", specifier = "==1.8.0" },
]

[[package]]
name = "jmespath"
version = "1.0.1"
source = { registry = "https://pypi.org/simple" }
sdist = { url = "https://files.pythonhosted.org/packages/00/2a/e867e8531cf3e36b41201936b7fa7ba7b5702dbef42922193f05c8976cd6/jmespath-1.0.1.tar.gz", hash = "sha256:90261b206d6defd58fdd5e85f478bf633a2901798906be2ad389150c5c60edbe", size = 25843, upload-time = "2022-06-17T18:00:12.224Z" }
wheels = [
    { url = "https://files.pythonhosted.org/packages/31/b4/b9b800c45527aadd64d5b442f9b932b00648617eb5d63d2c7a6587b7cafc/jmespath-1.0.1-py3-none-any.whl", hash = "sha256:02e2e4cc71b5bcab88332eebf907519190dd9e6e82107fa7f83b1003a6252980", size = 20256, upload-time = "2022-06-17T18:00:10.251Z" },
]

[[package]]
name = "jsii"
version = "1.103.1"
source = { registry = "https://pypi.org/simple" }
dependencies = [
    { name = "attrs" },
    { name = "cattrs" },
    { name = "importlib-resources" },
    { name = "publication" },
    { name = "python-dateutil" },
    { name = "typeguard" },
    { name = "typing-extensions" },
]
sdist = { url = "https://files.pythonhosted.org/packages/15/11/9b8e594411566624f7b1a58d98c89bbf01910204800207fd67d729a07dc3/jsii-1.103.1.tar.gz", hash = "sha256:7eaa46e8cd9546edc6bba81d0b32df9f8ed8f5848305277d261cccfe00b9c1eb", size = 578926, upload-time = "2024-08-30T13:55:05.651Z" }
wheels = [
    { url = "https://files.pythonhosted.org/packages/07/e0/9016c0135b35d0467badc1ab8eed133cbd2abb7897c210c2c8257426d1a1/jsii-1.103.1-py3-none-any.whl", hash = "sha256:24b96349230ca22f50fcd69c501e69b6c486acf37bbe0b5869f4c185572b079e", size = 554804, upload-time = "2024-08-30T13:55:04.25Z" },
]

[[package]]
name = "kubernetes"
version = "29.0.0"
source = { registry = "https://pypi.org/simple" }
dependencies = [
    { name = "certifi" },
    { name = "google-auth" },
    { name = "oauthlib" },
    { name = "python-dateutil" },
    { name = "pyyaml" },
    { name = "requests" },
    { name = "requests-oauthlib" },
    { name = "six" },
    { name = "urllib3" },
    { name = "websocket-client" },
]
sdist = { url = "https://files.pythonhosted.org/packages/de/07/d01320a808abaab3426db63476adcb31f7e23fe8c08aef175d7883ea978a/kubernetes-29.0.0.tar.gz", hash = "sha256:c4812e227ae74d07d53c88293e564e54b850452715a59a927e7e1bc6b9a60459", size = 839072, upload-time = "2024-01-08T22:05:57.763Z" }
wheels = [
    { url = "https://files.pythonhosted.org/packages/6f/34/164e57fec8a9693d7e6ae2d1a345482020ea9e9b32eab95a90bb3eaea83d/kubernetes-29.0.0-py2.py3-none-any.whl", hash = "sha256:ab8cb0e0576ccdfb71886366efb102c6a20f268d817be065ce7f9909c631e43e", size = 1595769, upload-time = "2024-01-08T22:05:55.027Z" },
]

[[package]]
name = "oauthlib"
version = "3.2.2"
source = { registry = "https://pypi.org/simple" }
sdist = { url = "https://files.pythonhosted.org/packages/6d/fa/fbf4001037904031639e6bfbfc02badfc7e12f137a8afa254df6c4c8a670/oauthlib-3.2.2.tar.gz", hash = "sha256:9859c40929662bec5d64f34d01c99e093149682a3f38915dc0655d5a633dd918", size = 177352, upload-time = "2022-10-17T20:04:27.471Z" }
wheels = [
    { url = "https://files.pythonhosted.org/packages/7e/80/cab10959dc1faead58dc8384a781dfbf93cb4d33d50988f7a69f1b7c9bbe/oauthlib-3.2.2-py3-none-any.whl", hash = "sha256:8139f29aac13e25d502680e9e19963e83f16838d48a0d71c287fe40e7067fbca", size = 151688, upload-time = "2022-10-17T20:04:24.037Z" },
]

[[package]]
name = "publication"
version = "0.0.3"
source = { registry = "https://pypi.org/simple" }
sdist = { url = "https://files.pythonhosted.org/packages/6b/8e/8c9fe7e32fdf9c386f83d59610cc819a25dadb874b5920f2d0ef7d35f46d/publication-0.0.3.tar.gz", hash = "sha256:68416a0de76dddcdd2930d1c8ef853a743cc96c82416c4e4d3b5d901c6276dc4", size = 5484, upload-time = "2019-01-15T07:52:23.914Z" }
wheels = [
    { url = "https://files.pythonhosted.org/packages/f8/d3/6308debad7afcdb3ea5f50b4b3d852f41eb566a311fbcb4da23755a28155/publication-0.0.3-py2.py3-none-any.whl", hash = "sha256:0248885351febc11d8a1098d5c8e3ab2dabcf3e8c0c96db1e17ecd12b53afbe6", size = 7687, upload-time = "2019-01-15T07:52:22.151Z" },
]

[[package]]
name = "pyasn1"
version = "0.6.0"
source = { registry = "https://pypi.org/simple" }
sdist = { url = "https://files.pythonhosted.org/packages/4a/a3/d2157f333900747f20984553aca98008b6dc843eb62f3a36030140ccec0d/pyasn1-0.6.0.tar.gz", hash = "sha256:3a35ab2c4b5ef98e17dfdec8ab074046fbda76e281c5a706ccd82328cfc8f64c", size = 148088, upload-time = "2024-03-26T20:07:35.376Z" }
wheels = [
    { url = "https://files.pythonhosted.org/packages/23/7e/5f50d07d5e70a2addbccd90ac2950f81d1edd0783630651d9268d7f1db49/pyasn1-0.6.0-py2.py3-none-any.whl", hash = "sha256:cca4bb0f2df5504f02f6f8a775b6e416ff9b0b3b16f7ee80b5a3153d9b804473", size = 85313, upload-time = "2024-03-26T20:07:32.491Z" },
]

[[package]]
name = "pyasn1-modules"
version = "0.4.0"
source = { registry = "https://pypi.org/simple" }
dependencies = [
    { name = "pyasn1" },
]
sdist = { url = "https://files.pythonhosted.org/packages/f7/00/e7bd1dec10667e3f2be602686537969a7ac92b0a7c5165be2e5875dc3971/pyasn1_modules-0.4.0.tar.gz", hash = "sha256:831dbcea1b177b28c9baddf4c6d1013c24c3accd14a1873fffaa6a2e905f17b6", size = 307859, upload-time = "2024-03-26T20:38:14.987Z" }
wheels = [
    { url = "https://files.pythonhosted.org/packages/13/68/8906226b15ef38e71dc926c321d2fe99de8048e9098b5dfd38343011c886/pyasn1_modules-0.4.0-py3-none-any.whl", hash = "sha256:be04f15b66c206eed667e0bb5ab27e2b1855ea54a842e5037738099e8ca4ae0b", size = 181220, upload-time = "2024-03-26T20:38:13.122Z" },
]

[[package]]
name = "python-dateutil"
version = "2.9.0.post0"
source = { registry = "https://pypi.org/simple" }
dependencies = [
    { name = "six" },
]
sdist = { url = "https://files.pythonhosted.org/packages/66/c0/0c8b6ad9f17a802ee498c46e004a0eb49bc148f2fd230864601a86dcf6db/python-dateutil-2.9.0.post0.tar.gz", hash = "sha256:37dd54208da7e1cd875388217d5e00ebd4179249f90fb72437e91a35459a0ad3", size = 342432, upload-time = "2024-03-01T18:36:20.211Z" }
wheels = [
    { url = "https://files.pythonhosted.org/packages/ec/57/56b9bcc3c9c6a792fcbaf139543cee77261f3651ca9da0c93f5c1221264b/python_dateutil-2.9.0.post0-py2.py3-none-any.whl", hash = "sha256:a8b2bc7bffae282281c8140a97d3aa9c14da0b136dfe83f850eea9a5f7470427", size = 229892, upload-time = "2024-03-01T18:36:18.57Z" },
]

[[package]]
name = "pyyaml"
version = "6.0.1"
source = { registry = "https://pypi.org/simple" }
sdist = { url = "https://files.pythonhosted.org/packages/cd/e5/af35f7ea75cf72f2cd079c95ee16797de7cd71f29ea7c68ae5ce7be1eda0/PyYAML-6.0.1.tar.gz", hash = "sha256:bfdf460b1736c775f2ba9f6a92bca30bc2095067b8a9d77876d1fad6cc3b4a43", size = 125201, upload-time = "2023-07-18T00:00:23.308Z" }

[[package]]
name = "requests"
version = "2.32.3"
source = { registry = "https://pypi.org/simple" }
dependencies = [
    { name = "certifi" },
    { name = "charset-normalizer" },
    { name = "idna" },
    { name = "urllib3" },
]
sdist = { url = "https://files.pythonhosted.org/packages/63/70/2bf7780ad2d390a8d301ad0b550f1581eadbd9a20f896afe06353c2a2913/requests-2.32.3.tar.gz", hash = "sha256:55365417734eb18255590a9ff9eb97e9e1da868d4ccd6402399eaf68af20a760", size = 131218, upload-time = "2024-05-29T15:37:49.536Z" }
wheels = [
    { url = "https://files.pythonhosted.org/packages/f9/9b/335f9764261e915ed497fcdeb11df5dfd6f7bf257d4a6a2a686d80da4d54/requests-2.32.3-py3-none-any.whl", hash = "sha256:70761cfe03c773ceb22aa2f671b4757976145175cdfca038c02654d061d6dcc6", size = 64928, upload-time = "2024-05-29T15:37:47.027Z" },
]

[[package]]
name = "requests-oauthlib"
version = "2.0.0"
source = { registry = "https://pypi.org/simple" }
dependencies = [
    { name = "oauthlib" },
    { name = "requests" },
]
sdist = { url = "https://files.pythonhosted.org/packages/42/f2/05f29bc3913aea15eb670be136045bf5c5bbf4b99ecb839da9b422bb2c85/requests-oauthlib-2.0.0.tar.gz", hash = "sha256:b3dffaebd884d8cd778494369603a9e7b58d29111bf6b41bdc2dcd87203af4e9", size = 55650, upload-time = "2024-03-22T20:32:29.939Z" }
wheels = [
    { url = "https://files.pythonhosted.org/packages/3b/5d/63d4ae3b9daea098d5d6f5da83984853c1bbacd5dc826764b249fe119d24/requests_oauthlib-2.0.0-py2.py3-none-any.whl", hash = "sha256:7dd8a5c40426b779b0868c404bdef9768deccf22749cde15852df527e6269b36", size = 24179, upload-time = "2024-03-22T20:32:28.055Z" },
]

[[package]]
name = "rsa"
version = "4.9"
source = { registry = "https://pypi.org/simple" }
dependencies = [
    { name = "pyasn1" },
]
sdist = { url = "https://files.pythonhosted.org/packages/aa/65/7d973b89c4d2351d7fb232c2e452547ddfa243e93131e7cfa766da627b52/rsa-4.9.tar.gz", hash = "sha256:e38464a49c6c85d7f1351b0126661487a7e0a14a50f1675ec50eb34d4f20ef21", size = 29711, upload-time = "2022-07-20T10:28:36.115Z" }
wheels = [
    { url = "https://files.pythonhosted.org/packages/49/97/fa78e3d2f65c02c8e1268b9aba606569fe97f6c8f7c2d74394553347c145/rsa-4.9-py3-none-any.whl", hash = "sha256:90260d9058e514786967344d0ef75fa8727eed8a7d2e43ce9f4bcf1b536174f7", size = 34315, upload-time = "2022-07-20T10:28:34.978Z" },
]

[[package]]
name = "s3transfer"
version = "0.10.1"
source = { registry = "https://pypi.org/simple" }
dependencies = [
    { name = "botocore" },
]
sdist = { url = "https://files.pythonhosted.org/packages/83/bc/fb0c1f76517e3380eb142af8a9d6b969c150cfca1324cea7d965d8c66571/s3transfer-0.10.1.tar.gz", hash = "sha256:5683916b4c724f799e600f41dd9e10a9ff19871bf87623cc8f491cb4f5fa0a19", size = 143308, upload-time = "2024-03-14T19:11:37.071Z" }
wheels = [
    { url = "https://files.pythonhosted.org/packages/83/37/395cdb6ee92925fa211e55d8f07b9f93cf93f60d7d4ce5e66fd73f1ea986/s3transfer-0.10.1-py3-none-any.whl", hash = "sha256:ceb252b11bcf87080fb7850a224fb6e05c8a776bab8f2b64b7f25b969464839d", size = 82168, upload-time = "2024-03-14T19:11:04.538Z" },
]

[[package]]
name = "six"
version = "1.16.0"
source = { registry = "https://pypi.org/simple" }
sdist = { url = "https://files.pythonhosted.org/packages/71/39/171f1c67cd00715f190ba0b100d606d440a28c93c7714febeca8b79af85e/six-1.16.0.tar.gz", hash = "sha256:1e61c37477a1626458e36f7b1d82aa5c9b094fa4802892072e49de9c60c4c926", size = 34041, upload-time = "2021-05-05T14:18:18.379Z" }
wheels = [
    { url = "https://files.pythonhosted.org/packages/d9/5a/e7c31adbe875f2abbb91bd84cf2dc52d792b5a01506781dbcf25c91daf11/six-1.16.0-py2.py3-none-any.whl", hash = "sha256:8abb2f1d86890a2dfb989f9a77cfcfd3e47c2a354b01111771326f8aa26e0254", size = 11053, upload-time = "2021-05-05T14:18:17.237Z" },
]

[[package]]
name = "typeguard"
version = "2.13.3"
source = { registry = "https://pypi.org/simple" }
sdist = { url = "https://files.pythonhosted.org/packages/3a/38/c61bfcf62a7b572b5e9363a802ff92559cb427ee963048e1442e3aef7490/typeguard-2.13.3.tar.gz", hash = "sha256:00edaa8da3a133674796cf5ea87d9f4b4c367d77476e185e80251cc13dfbb8c4", size = 40604, upload-time = "2021-12-10T21:09:39.158Z" }
wheels = [
    { url = "https://files.pythonhosted.org/packages/9a/bb/d43e5c75054e53efce310e79d63df0ac3f25e34c926be5dffb7d283fb2a8/typeguard-2.13.3-py3-none-any.whl", hash = "sha256:5e3e3be01e887e7eafae5af63d1f36c849aaa94e3a0112097312aabfa16284f1", size = 17605, upload-time = "2021-12-10T21:09:37.844Z" },
]

[[package]]
name = "typing-extensions"
version = "4.12.2"
source = { registry = "https://pypi.org/simple" }
sdist = { url = "https://files.pythonhosted.org/packages/df/db/f35a00659bc03fec321ba8bce9420de607a1d37f8342eee1863174c69557/typing_extensions-4.12.2.tar.gz", hash = "sha256:1a7ead55c7e559dd4dee8856e3a88b41225abfe1ce8df57b7c13915fe121ffb8", size = 85321, upload-time = "2024-06-07T18:52:15.995Z" }
wheels = [
    { url = "https://files.pythonhosted.org/packages/26/9f/ad63fc0248c5379346306f8668cda6e2e2e9c95e01216d2b8ffd9ff037d0/typing_extensions-4.12.2-py3-none-any.whl", hash = "sha256:04e5ca0351e0f3f85c6853954072df659d0d13fac324d0072316b67d7794700d", size = 37438, upload-time = "2024-06-07T18:52:13.582Z" },
]

[[package]]
name = "urllib3"
version = "2.2.1"
source = { registry = "https://pypi.org/simple" }
sdist = { url = "https://files.pythonhosted.org/packages/7a/50/7fd50a27caa0652cd4caf224aa87741ea41d3265ad13f010886167cfcc79/urllib3-2.2.1.tar.gz", hash = "sha256:d0570876c61ab9e520d776c38acbbb5b05a776d3f9ff98a5c8fd5162a444cf19", size = 291020, upload-time = "2024-02-18T03:55:57.539Z" }
wheels = [
    { url = "https://files.pythonhosted.org/packages/a2/73/a68704750a7679d0b6d3ad7aa8d4da8e14e151ae82e6fee774e6e0d05ec8/urllib3-2.2.1-py3-none-any.whl", hash = "sha256:450b20ec296a467077128bff42b73080516e71b56ff59a60a02bef2232c4fa9d", size = 121067, upload-time = "2024-02-18T03:55:54.704Z" },
]

[[package]]
name = "websocket-client"
version = "1.8.0"
source = { registry = "https://pypi.org/simple" }
sdist = { url = "https://files.pythonhosted.org/packages/e6/30/fba0d96b4b5fbf5948ed3f4681f7da2f9f64512e1d303f94b4cc174c24a5/websocket_client-1.8.0.tar.gz", hash = "sha256:3239df9f44da632f96012472805d40a23281a991027ce11d2f45a6f24ac4c3da", size = 54648, upload-time = "2024-04-23T22:16:16.976Z" }
wheels = [
    { url = "https://files.pythonhosted.org/packages/5a/84/44687a29792a70e111c5c477230a72c4b957d88d16141199bf9acb7537a3/websocket_client-1.8.0-py3-none-any.whl", hash = "sha256:17b44cc997f5c498e809b22cdf2d9c7a9e71c02c8cc2b6c56e7c2d1239bfa526", size = 58826, upload-time = "2024-04-23T22:16:14.422Z" },
]
